
Microsoft Visual Studio Solution File, Format Version 12.00
Project("{FAE04EC0-301F-11D3-BF4B-00C04F79EFBC}") = "Lesson12exercies", "Lesson12exercies\Lesson12exercies.csproj", "{C29A7794-7399-4A1E-AB65-C199670A0D43}"
EndProject
Global
	GlobalSection(SolutionConfigurationPlatforms) = preSolution
		Debug|Any CPU = Debug|Any CPU
		Release|Any CPU = Release|Any CPU
	EndGlobalSection
	GlobalSection(ProjectConfigurationPlatforms) = postSolution
		{C29A7794-7399-4A1E-AB65-C199670A0D43}.Debug|Any CPU.ActiveCfg = Debug|Any CPU
		{C29A7794-7399-4A1E-AB65-C199670A0D43}.Debug|Any CPU.Build.0 = Debug|Any CPU
		{C29A7794-7399-4A1E-AB65-C199670A0D43}.Release|Any CPU.ActiveCfg = Release|Any CPU
		{C29A7794-7399-4A1E-AB65-C199670A0D43}.Release|Any CPU.Build.0 = Release|Any CPU
	EndGlobalSection
EndGlobal
